
Microsoft Visual Studio Solution File, Format Version 12.00
# Visual Studio 15
VisualStudioVersion = 15.0.28010.2046
MinimumVisualStudioVersion = 10.0.40219.1
Project("{FAE04EC0-301F-11D3-BF4B-00C04F79EFBC}") = "FirstApplication", "FirstApplication\FirstApplication.csproj", "{72EF01BA-671A-42D0-B871-6F93850C987D}"
EndProject
Global
	GlobalSection(SolutionConfigurationPlatforms) = preSolution
		Debug|Any CPU = Debug|Any CPU
		Release|Any CPU = Release|Any CPU
	EndGlobalSection
	GlobalSection(ProjectConfigurationPlatforms) = postSolution
		{72EF01BA-671A-42D0-B871-6F93850C987D}.Debug|Any CPU.ActiveCfg = Debug|Any CPU
		{72EF01BA-671A-42D0-B871-6F93850C987D}.Debug|Any CPU.Build.0 = Debug|Any CPU
		{72EF01BA-671A-42D0-B871-6F93850C987D}.Release|Any CPU.ActiveCfg = Release|Any CPU
		{72EF01BA-671A-42D0-B871-6F93850C987D}.Release|Any CPU.Build.0 = Release|Any CPU
	EndGlobalSection
	GlobalSection(SolutionProperties) = preSolution
		HideSolutionNode = FALSE
	EndGlobalSection
	GlobalSection(ExtensibilityGlobals) = postSolution
		SolutionGuid = {C5259493-B475-4B84-967E-2F2F6A1AD924}
	EndGlobalSection
EndGlobal
